
Microsoft Visual Studio Solution File, Format Version 12.00
# Visual Studio Version 17
VisualStudioVersion = 17.8.34322.80
MinimumVisualStudioVersion = 10.0.40219.1
Project("{9A19103F-16F7-4668-BE54-9A1E7A4F7556}") = "WinFormsApp", "WinFormsApp\WinFormsApp.csproj", "{19817B97-E9EF-478F-A16D-71B06BC17D1B}"
EndProject
Project("{FAE04EC0-301F-11D3-BF4B-00C04F79EFBC}") = "ClassLibrary1", "ClassLibrary1\ClassLibrary1.csproj", "{BBF3A0F3-C541-4F48-8ED8-1851D35951C8}"
EndProject
Global
	GlobalSection(SolutionConfigurationPlatforms) = preSolution
		Debug|Any CPU = Debug|Any CPU
		Release|Any CPU = Release|Any CPU
	EndGlobalSection
	GlobalSection(ProjectConfigurationPlatforms) = postSolution
		{19817B97-E9EF-478F-A16D-71B06BC17D1B}.Debug|Any CPU.ActiveCfg = Debug|Any CPU
		{19817B97-E9EF-478F-A16D-71B06BC17D1B}.Debug|Any CPU.Build.0 = Debug|Any CPU
		{19817B97-E9EF-478F-A16D-71B06BC17D1B}.Release|Any CPU.ActiveCfg = Release|Any CPU
		{19817B97-E9EF-478F-A16D-71B06BC17D1B}.Release|Any CPU.Build.0 = Release|Any CPU
		{BBF3A0F3-C541-4F48-8ED8-1851D35951C8}.Debug|Any CPU.ActiveCfg = Debug|Any CPU
		{BBF3A0F3-C541-4F48-8ED8-1851D35951C8}.Debug|Any CPU.Build.0 = Debug|Any CPU
		{BBF3A0F3-C541-4F48-8ED8-1851D35951C8}.Release|Any CPU.ActiveCfg = Release|Any CPU
		{BBF3A0F3-C541-4F48-8ED8-1851D35951C8}.Release|Any CPU.Build.0 = Release|Any CPU
	EndGlobalSection
	GlobalSection(SolutionProperties) = preSolution
		HideSolutionNode = FALSE
	EndGlobalSection
	GlobalSection(ExtensibilityGlobals) = postSolution
		SolutionGuid = {0E4271E3-894B-4AEA-BFC0-05EF4E126986}
	EndGlobalSection
EndGlobal
